{
  "version": "5",
  "specifiers": {
    "jsr:@std/assert@^1.0.19": "1.0.19",
    "jsr:@std/internal@^1.0.12": "1.0.12",
    "npm:@types/node@^25.6.0": "25.6.0",
    "npm:bumpp@^11.0.1": "11.0.1",
    "npm:mdast-util-from-markdown@^2.0.3": "2.0.3",
    "npm:mdast-util-gfm-autolink-literal@^2.0.1": "2.0.1",
    "npm:mdast-util-gfm-footnote@^2.1.0": "2.1.0",
    "npm:mdast-util-gfm-strikethrough@2": "2.0.0",
    "npm:mdast-util-gfm-table@2": "2.0.0",
    "npm:mdast-util-gfm-task-list-item@2": "2.0.0",
    "npm:mdast-util-to-markdown@^2.1.2": "2.1.2",
    "npm:micromark-extension-gfm-autolink-literal@^2.1.0": "2.1.0",
    "npm:micromark-extension-gfm-footnote@^2.1.0": "2.1.0",
    "npm:micromark-extension-gfm-strikethrough@^2.1.0": "2.1.0",
    "npm:micromark-extension-gfm-table@^2.1.1": "2.1.1",
    "npm:micromark-extension-gfm-task-list-item@^2.1.0": "2.1.0",
    "npm:micromark-util-types@^2.0.2": "2.0.2",
    "npm:rehype-format@^5.0.1": "5.0.1",
    "npm:rehype-stringify@^10.0.1": "10.0.1",
    "npm:remark-gfm@^4.0.1": "4.0.1",
    "npm:remark-parse@11": "11.0.0",
    "npm:remark-rehype@^11.1.2": "11.1.2",
    "npm:remark@^15.0.1": "15.0.1",
    "npm:string-length@^7.0.1": "7.0.1",
    "npm:to-vfile@8": "8.0.0",
    "npm:ts-deepmerge@^7.0.3": "7.0.3",
    "npm:tsdown@~0.21.8": "0.21.8_typescript@6.0.2",
    "npm:type-fest@^5.5.0": "5.5.0",
    "npm:typescript@^6.0.2": "6.0.2",
    "npm:unified@^11.0.5": "11.0.5",
    "npm:vfile@^6.0.3": "6.0.3"
  },
  "jsr": {
    "@std/assert@1.0.19": {
      "integrity": "eaada96ee120cb980bc47e040f82814d786fe8162ecc53c91d8df60b8755991e",
      "dependencies": [
        "jsr:@std/internal"
      ]
    },
    "@std/internal@1.0.12": {
      "integrity": "972a634fd5bc34b242024402972cd5143eac68d8dffaca5eaa4dba30ce17b027"
    }
  },
  "npm": {
    "@babel/generator@8.0.0-rc.3": {
      "integrity": "sha512-em37/13/nR320G4jab/nIIHZgc2Wz2y/D39lxnTyxB4/D/omPQncl/lSdlnJY1OhQcRGugTSIF2l/69o31C9dA==",
      "dependencies": [
        "@babel/parser",
        "@babel/types",
        "@jridgewell/gen-mapping",
        "@jridgewell/trace-mapping",
        "@types/jsesc",
        "jsesc"
      ]
    },
    "@babel/helper-string-parser@8.0.0-rc.3": {
      "integrity": "sha512-AmwWFx1m8G/a5cXkxLxTiWl+YEoWuoFLUCwqMlNuWO1tqAYITQAbCRPUkyBHv1VOFgfjVOqEj6L3u15J5ZCzTA=="
    },
    "@babel/helper-validator-identifier@8.0.0-rc.3": {
      "integrity": "sha512-8AWCJ2VJJyDFlGBep5GpaaQ9AAaE/FjAcrqI7jyssYhtL7WGV0DOKpJsQqM037xDbpRLHXsY8TwU7zDma7coOw=="
    },
    "@babel/parser@8.0.0-rc.3": {
      "integrity": "sha512-B20dvP3MfNc/XS5KKCHy/oyWl5IA6Cn9YjXRdDlCjNmUFrjvLXMNUfQq/QUy9fnG2gYkKKcrto2YaF9B32ToOQ==",
      "dependencies": [
        "@babel/types"
      ],
      "bin": true
    },
    "@babel/types@8.0.0-rc.3": {
      "integrity": "sha512-mOm5ZrYmphGfqVWoH5YYMTITb3cDXsFgmvFlvkvWDMsR9X8RFnt7a0Wb6yNIdoFsiMO9WjYLq+U/FMtqIYAF8Q==",
      "dependencies": [
        "@babel/helper-string-parser",
        "@babel/helper-validator-identifier"
      ]
    },
    "@emnapi/core@1.9.2": {
      "integrity": "sha512-UC+ZhH3XtczQYfOlu3lNEkdW/p4dsJ1r/bP7H8+rhao3TTTMO1ATq/4DdIi23XuGoFY+Cz0JmCbdVl0hz9jZcA==",
      "dependencies": [
        "@emnapi/wasi-threads",
        "tslib"
      ]
    },
    "@emnapi/runtime@1.9.2": {
      "integrity": "sha512-3U4+MIWHImeyu1wnmVygh5WlgfYDtyf0k8AbLhMFxOipihf6nrWC4syIm/SwEeec0mNSafiiNnMJwbza/Is6Lw==",
      "dependencies": [
        "tslib"
      ]
    },
    "@emnapi/wasi-threads@1.2.1": {
      "integrity": "sha512-uTII7OYF+/Mes/MrcIOYp5yOtSMLBWSIoLPpcgwipoiKbli6k322tcoFsxoIIxPDqW01SQGAgko4EzZi2BNv2w==",
      "dependencies": [
        "tslib"
      ]
    },
    "@jridgewell/gen-mapping@0.3.13": {
      "integrity": "sha512-2kkt/7niJ6MgEPxF0bYdQ6etZaA+fQvDcLKckhy1yIQOzaoKjBBjSj63/aLVjYE3qhRt5dvM+uUyfCg6UKCBbA==",
      "dependencies": [
        "@jridgewell/sourcemap-codec",
        "@jridgewell/trace-mapping"
      ]
    },
    "@jridgewell/resolve-uri@3.1.2": {
      "integrity": "sha512-bRISgCIjP20/tbWSPWMEi54QVPRZExkuD9lJL+UIxUKtwVJA8wW1Trb1jMs1RFXo1CBTNZ/5hpC9QvmKWdopKw=="
    },
    "@jridgewell/sourcemap-codec@1.5.5": {
      "integrity": "sha512-cYQ9310grqxueWbl+WuIUIaiUaDcj7WOq5fVhEljNVgRfOUhY9fy2zTvfoqWsnebh8Sl70VScFbICvJnLKB0Og=="
    },
    "@jridgewell/trace-mapping@0.3.31": {
      "integrity": "sha512-zzNR+SdQSDJzc8joaeP8QQoCQr8NuYx2dIIytl1QeBEZHJ9uW6hebsrYgbz8hJwUQao3TWCMtmfV8Nu1twOLAw==",
      "dependencies": [
        "@jridgewell/resolve-uri",
        "@jridgewell/sourcemap-codec"
      ]
    },
    "@napi-rs/wasm-runtime@1.1.4_@emnapi+core@1.9.2_@emnapi+runtime@1.9.2": {
      "integrity": "sha512-3NQNNgA1YSlJb/kMH1ildASP9HW7/7kYnRI2szWJaofaS1hWmbGI4H+d3+22aGzXXN9IJ+n+GiFVcGipJP18ow==",
      "dependencies": [
        "@emnapi/core",
        "@emnapi/runtime",
        "@tybys/wasm-util"
      ]
    },
    "@oxc-project/types@0.124.0": {
      "integrity": "sha512-VBFWMTBvHxS11Z5Lvlr3IWgrwhMTXV+Md+EQF0Xf60+wAdsGFTBx7X7K/hP4pi8N7dcm1RvcHwDxZ16Qx8keUg=="
    },
    "@quansync/fs@1.0.0": {
      "integrity": "sha512-4TJ3DFtlf1L5LDMaM6CanJ/0lckGNtJcMjQ1NAV6zDmA0tEHKZtxNKin8EgPaVX1YzljbxckyT2tJrpQKAtngQ==",
      "dependencies": [
        "quansync"
      ]
    },
    "@rolldown/binding-android-arm64@1.0.0-rc.15": {
      "integrity": "sha512-YYe6aWruPZDtHNpwu7+qAHEMbQ/yRl6atqb/AhznLTnD3UY99Q1jE7ihLSahNWkF4EqRPVC4SiR4O0UkLK02tA==",
      "os": ["android"],
      "cpu": ["arm64"]
    },
    "@rolldown/binding-darwin-arm64@1.0.0-rc.15": {
      "integrity": "sha512-oArR/ig8wNTPYsXL+Mzhs0oxhxfuHRfG7Ikw7jXsw8mYOtk71W0OkF2VEVh699pdmzjPQsTjlD1JIOoHkLP1Fg==",
      "os": ["darwin"],
      "cpu": ["arm64"]
    },
    "@rolldown/binding-darwin-x64@1.0.0-rc.15": {
      "integrity": "sha512-YzeVqOqjPYvUbJSWJ4EDL8ahbmsIXQpgL3JVipmN+MX0XnXMeWomLN3Fb+nwCmP/jfyqte5I3XRSm7OfQrbyxw==",
      "os": ["darwin"],
      "cpu": ["x64"]
    },
    "@rolldown/binding-freebsd-x64@1.0.0-rc.15": {
      "integrity": "sha512-9Erhx956jeQ0nNTyif1+QWAXDRD38ZNjr//bSHrt6wDwB+QkAfl2q6Mn1k6OBPerznjRmbM10lgRb1Pli4xZPw==",
      "os": ["freebsd"],
      "cpu": ["x64"]
    },
    "@rolldown/binding-linux-arm-gnueabihf@1.0.0-rc.15": {
      "integrity": "sha512-cVwk0w8QbZJGTnP/AHQBs5yNwmpgGYStL88t4UIaqcvYJWBfS0s3oqVLZPwsPU6M0zlW4GqjP0Zq5MnAGwFeGA==",
      "os": ["linux"],
      "cpu": ["arm"]
    },
    "@rolldown/binding-linux-arm64-gnu@1.0.0-rc.15": {
      "integrity": "sha512-eBZ/u8iAK9SoHGanqe/jrPnY0JvBN6iXbVOsbO38mbz+ZJsaobExAm1Iu+rxa4S1l2FjG0qEZn4Rc6X8n+9M+w==",
      "os": ["linux"],
      "cpu": ["arm64"]
    },
    "@rolldown/binding-linux-arm64-musl@1.0.0-rc.15": {
      "integrity": "sha512-ZvRYMGrAklV9PEkgt4LQM6MjQX2P58HPAuecwYObY2DhS2t35R0I810bKi0wmaYORt6m/2Sm+Z+nFgb0WhXNcQ==",
      "os": ["linux"],
      "cpu": ["arm64"]
    },
    "@rolldown/binding-linux-ppc64-gnu@1.0.0-rc.15": {
      "integrity": "sha512-VDpgGBzgfg5hLg+uBpCLoFG5kVvEyafmfxGUV0UHLcL5irxAK7PKNeC2MwClgk6ZAiNhmo9FLhRYgvMmedLtnQ==",
      "os": ["linux"],
      "cpu": ["ppc64"]
    },
    "@rolldown/binding-linux-s390x-gnu@1.0.0-rc.15": {
      "integrity": "sha512-y1uXY3qQWCzcPgRJATPSOUP4tCemh4uBdY7e3EZbVwCJTY3gLJWnQABgeUetvED+bt1FQ01OeZwvhLS2bpNrAQ==",
      "os": ["linux"],
      "cpu": ["s390x"]
    },
    "@rolldown/binding-linux-x64-gnu@1.0.0-rc.15": {
      "integrity": "sha512-023bTPBod7J3Y/4fzAN6QtpkSABR0rigtrwaP+qSEabUh5zf6ELr9Nc7GujaROuPY3uwdSIXWrvhn1KxOvurWA==",
      "os": ["linux"],
      "cpu": ["x64"]
    },
    "@rolldown/binding-linux-x64-musl@1.0.0-rc.15": {
      "integrity": "sha512-witB2O0/hU4CgfOOKUoeFgQ4GktPi1eEbAhaLAIpgD6+ZnhcPkUtPsoKKHRzmOoWPZue46IThdSgdo4XneOLYw==",
      "os": ["linux"],
      "cpu": ["x64"]
    },
    "@rolldown/binding-openharmony-arm64@1.0.0-rc.15": {
      "integrity": "sha512-UCL68NJ0Ud5zRipXZE9dF5PmirzJE4E4BCIOOssEnM7wLDsxjc6Qb0sGDxTNRTP53I6MZpygyCpY8Aa8sPfKPg==",
      "os": ["openharmony"],
      "cpu": ["arm64"]
    },
    "@rolldown/binding-wasm32-wasi@1.0.0-rc.15": {
      "integrity": "sha512-ApLruZq/ig+nhaE7OJm4lDjayUnOHVUa77zGeqnqZ9pn0ovdVbbNPerVibLXDmWeUZXjIYIT8V3xkT58Rm9u5Q==",
      "dependencies": [
        "@emnapi/core",
        "@emnapi/runtime",
        "@napi-rs/wasm-runtime"
      ],
      "cpu": ["wasm32"]
    },
    "@rolldown/binding-win32-arm64-msvc@1.0.0-rc.15": {
      "integrity": "sha512-KmoUoU7HnN+Si5YWJigfTws1jz1bKBYDQKdbLspz0UaqjjFkddHsqorgiW1mxcAj88lYUE6NC/zJNwT+SloqtA==",
      "os": ["win32"],
      "cpu": ["arm64"]
    },
    "@rolldown/binding-win32-x64-msvc@1.0.0-rc.15": {
      "integrity": "sha512-3P2A8L+x75qavWLe/Dll3EYBJLQmtkJN8rfh+U/eR3MqMgL/h98PhYI+JFfXuDPgPeCB7iZAKiqii5vqOvnA0g==",
      "os": ["win32"],
      "cpu": ["x64"]
    },
    "@rolldown/pluginutils@1.0.0-rc.15": {
      "integrity": "sha512-UromN0peaE53IaBRe9W7CjrZgXl90fqGpK+mIZbA3qSTeYqg3pqpROBdIPvOG3F5ereDHNwoHBI2e50n1BDr1g=="
    },
    "@tybys/wasm-util@0.10.1": {
      "integrity": "sha512-9tTaPJLSiejZKx+Bmog4uSubteqTvFrVrURwkmHixBo0G4seD0zUxp98E1DzUBJxLQ3NPwXrGKDiVjwx/DpPsg==",
      "dependencies": [
        "tslib"
      ]
    },
    "@types/debug@4.1.13": {
      "integrity": "sha512-KSVgmQmzMwPlmtljOomayoR89W4FynCAi3E8PPs7vmDVPe84hT+vGPKkJfThkmXs0x0jAaa9U8uW8bbfyS2fWw==",
      "dependencies": [
        "@types/ms"
      ]
    },
    "@types/estree@1.0.8": {
      "integrity": "sha512-dWHzHa2WqEXI/O1E9OjrocMTKJl2mSrEolh1Iomrv6U+JuNwaHXsXx9bLu5gG7BUWFIN0skIQJQ/L1rIex4X6w=="
    },
    "@types/hast@3.0.4": {
      "integrity": "sha512-WPs+bbQw5aCj+x6laNGWLH3wviHtoCv/P3+otBhbOhJgG8qtpdAMlTCxLtsTWA7LH1Oh/bFCHsBn0TPS5m30EQ==",
      "dependencies": [
        "@types/unist"
      ]
    },
    "@types/jsesc@2.5.1": {
      "integrity": "sha512-9VN+6yxLOPLOav+7PwjZbxiID2bVaeq0ED4qSQmdQTdjnXJSaCVKTR58t15oqH1H5t8Ng2ZX1SabJVoN9Q34bw=="
    },
    "@types/mdast@4.0.4": {
      "integrity": "sha512-kGaNbPh1k7AFzgpud/gMdvIm5xuECykRR+JnWKQno9TAXVa6WIVCGTPvYGekIDL4uwCZQSYbUxNBSb1aUo79oA==",
      "dependencies": [
        "@types/unist"
      ]
    },
    "@types/ms@2.1.0": {
      "integrity": "sha512-GsCCIZDE/p3i96vtEqx+7dBUGXrc7zeSK3wwPHIaRThS+9OhWIXRqzs4d6k1SVU8g91DrNRWxWUGhp5KXQb2VA=="
    },
    "@types/node@25.6.0": {
      "integrity": "sha512-+qIYRKdNYJwY3vRCZMdJbPLJAtGjQBudzZzdzwQYkEPQd+PJGixUL5QfvCLDaULoLv+RhT3LDkwEfKaAkgSmNQ==",
      "dependencies": [
        "undici-types"
      ]
    },
    "@types/unist@3.0.3": {
      "integrity": "sha512-ko/gIFJRv177XgZsZcBwnqJN5x/Gien8qNOn0D5bQU/zAzVf9Zt3BlcUiLqhV9y4ARk0GbT3tnUiPNgnTXzc/Q=="
    },
    "@ungap/structured-clone@1.3.0": {
      "integrity": "sha512-WmoN8qaIAo7WTYWbAZuG8PYEhn5fkz7dZrqTBZ7dtt//lL2Gwms1IcnQ5yHqjDfX8Ft5j4YzDM23f87zBfDe9g=="
    },
    "ansis@4.2.0": {
      "integrity": "sha512-HqZ5rWlFjGiV0tDm3UxxgNRqsOTniqoKZu0pIAfh7TZQMGuZK+hH0drySty0si0QXj1ieop4+SkSfPZBPPkHig=="
    },
    "args-tokenizer@0.3.0": {
      "integrity": "sha512-xXAd7G2Mll5W8uo37GETpQ2VrE84M181Z7ugHFGQnJZ50M2mbOv0osSZ9VsSgPfJQ+LVG0prSi0th+ELMsno7Q=="
    },
    "ast-kit@3.0.0-beta.1": {
      "integrity": "sha512-trmleAnZ2PxN/loHWVhhx1qeOHSRXq4TDsBBxq3GqeJitfk3+jTQ+v/C1km/KYq9M7wKqCewMh+/NAvVH7m+bw==",
      "dependencies": [
        "@babel/parser",
        "estree-walker",
        "pathe"
      ]
    },
    "bail@2.0.2": {
      "integrity": "sha512-0xO6mYd7JB2YesxDKplafRpsiOzPt9V02ddPCLbY1xYGPOX24NTyN50qnUxgCPcSoYMhKpAuBTjQoRZCAkUDRw=="
    },
    "birpc@4.0.0": {
      "integrity": "sha512-LShSxJP0KTmd101b6DRyGBj57LZxSDYWKitQNW/mi8GRMvZb078Uf9+pveax1DrVL89vm7mWe+TovdI/UDOuPw=="
    },
    "bumpp@11.0.1": {
      "integrity": "sha512-X0ti27I/ewsx/u0EJSyl0IZWWOE95q+wIpAG/60kc5gqMNR4a23YJdd3lL7JsBN11TgLbCM4KpfGMuFfdigb4g==",
      "dependencies": [
        "args-tokenizer",
        "cac",
        "jsonc-parser",
        "package-manager-detector",
        "semver",
        "tinyexec",
        "tinyglobby",
        "unconfig",
        "yaml"
      ],
      "bin": true
    },
    "cac@7.0.0": {
      "integrity": "sha512-tixWYgm5ZoOD+3g6UTea91eow5z6AAHaho3g0V9CNSNb45gM8SmflpAc+GRd1InC4AqN/07Unrgp56Y94N9hJQ=="
    },
    "ccount@2.0.1": {
      "integrity": "sha512-eyrF0jiFpY+3drT6383f1qhkbGsLSifNAjA61IUjZjmLCWjItY6LB9ft9YhoDgwfmclB2zhu51Lc7+95b8NRAg=="
    },
    "character-entities-html4@2.1.0": {
      "integrity": "sha512-1v7fgQRj6hnSwFpq1Eu0ynr/CDEw0rXo2B61qXrLNdHZmPKgb7fqS1a2JwF0rISo9q77jDI8VMEHoApn8qDoZA=="
    },
    "character-entities-legacy@3.0.0": {
      "integrity": "sha512-RpPp0asT/6ufRm//AJVwpViZbGM/MkjQFxJccQRHmISF/22NBtsHqAWmL+/pmkPWoIUJdWyeVleTl1wydHATVQ=="
    },
    "character-entities@2.0.2": {
      "integrity": "sha512-shx7oQ0Awen/BRIdkjkvz54PnEEI/EjwXDSIZp86/KKdbafHh1Df/RYGBhn4hbe2+uKC9FnT5UCEdyPz3ai9hQ=="
    },
    "comma-separated-tokens@2.0.3": {
      "integrity": "sha512-Fu4hJdvzeylCfQPp9SGWidpzrMs7tTrlu6Vb8XGaRGck8QSNZJJp538Wrb60Lax4fPwR64ViY468OIUTbRlGZg=="
    },
    "debug@4.4.3": {
      "integrity": "sha512-RGwwWnwQvkVfavKVt22FGLw+xYSdzARwm0ru6DhTVA3umU5hZc28V3kO4stgYryrTlLpuvgI9GiijltAjNbcqA==",
      "dependencies": [
        "ms"
      ]
    },
    "decode-named-character-reference@1.3.0": {
      "integrity": "sha512-GtpQYB283KrPp6nRw50q3U9/VfOutZOe103qlN7BPP6Ad27xYnOIWv4lPzo8HCAL+mMZofJ9KEy30fq6MfaK6Q==",
      "dependencies": [
        "character-entities"
      ]
    },
    "defu@6.1.7": {
      "integrity": "sha512-7z22QmUWiQ/2d0KkdYmANbRUVABpZ9SNYyH5vx6PZ+nE5bcC0l7uFvEfHlyld/HcGBFTL536ClDt3DEcSlEJAQ=="
    },
    "dequal@2.0.3": {
      "integrity": "sha512-0je+qPKHEMohvfRTCEo3CrPG6cAzAYgmzKyxRiYSSDkS6eGJdyVJm7WaYA5ECaAD9wLB2T4EEeymA5aFVcYXCA=="
    },
    "devlop@1.1.0": {
      "integrity": "sha512-RWmIqhcFf1lRYBvNmr7qTNuyCt/7/ns2jbpp1+PalgE/rDQcBT0fioSMUpJ93irlUhC5hrg4cYqe6U+0ImW0rA==",
      "dependencies": [
        "dequal"
      ]
    },
    "dts-resolver@2.1.3": {
      "integrity": "sha512-bihc7jPC90VrosXNzK0LTE2cuLP6jr0Ro8jk+kMugHReJVLIpHz/xadeq3MhuwyO4TD4OA3L1Q8pBBFRc08Tsw=="
    },
    "empathic@2.0.0": {
      "integrity": "sha512-i6UzDscO/XfAcNYD75CfICkmfLedpyPDdozrLMmQc5ORaQcdMoc21OnlEylMIqI7U8eniKrPMxxtj8k0vhmJhA=="
    },
    "escape-string-regexp@5.0.0": {
      "integrity": "sha512-/veY75JbMK4j1yjvuUxuVsiS/hr/4iHs9FTT6cgTexxdE0Ly/glccBAkloH/DofkjRbZU3bnoj38mOmhkZ0lHw=="
    },
    "estree-walker@3.0.3": {
      "integrity": "sha512-7RUKfXgSMMkzt6ZuXmqapOurLGPPfgj6l9uRZ7lRGolvk0y2yocc35LdcxKC5PQZdn2DMqioAQ2NoWcrTKmm6g==",
      "dependencies": [
        "@types/estree"
      ]
    },
    "extend@3.0.2": {
      "integrity": "sha512-fjquC59cD7CyW6urNXK0FBufkZcoiGG80wTuPujX590cB5Ttln20E2UB4S/WARVqhXffZl2LNgS+gQdPIIim/g=="
    },
    "fdir@6.5.0_picomatch@4.0.4": {
      "integrity": "sha512-tIbYtZbucOs0BRGqPJkshJUYdL+SDH7dVM8gjy+ERp3WAUjLEFJE+02kanyHtwjWOnwrKYBiwAmM0p4kLJAnXg==",
      "dependencies": [
        "picomatch"
      ],
      "optionalPeers": [
        "picomatch"
      ]
    },
    "get-tsconfig@4.14.0": {
      "integrity": "sha512-yTb+8DXzDREzgvYmh6s9vHsSVCHeC0G3PI5bEXNBHtmshPnO+S5O7qgLEOn0I5QvMy6kpZN8K1NKGyilLb93wA==",
      "dependencies": [
        "resolve-pkg-maps"
      ]
    },
    "hast-util-embedded@3.0.0": {
      "integrity": "sha512-naH8sld4Pe2ep03qqULEtvYr7EjrLK2QHY8KJR6RJkTUjPGObe1vnx585uzem2hGra+s1q08DZZpfgDVYRbaXA==",
      "dependencies": [
        "@types/hast",
        "hast-util-is-element"
      ]
    },
    "hast-util-format@1.1.0": {
      "integrity": "sha512-yY1UDz6bC9rDvCWHpx12aIBGRG7krurX0p0Fm6pT547LwDIZZiNr8a+IHDogorAdreULSEzP82Nlv5SZkHZcjA==",
      "dependencies": [
        "@types/hast",
        "hast-util-embedded",
        "hast-util-minify-whitespace",
        "hast-util-phrasing",
        "hast-util-whitespace",
        "html-whitespace-sensitive-tag-names",
        "unist-util-visit-parents"
      ]
    },
    "hast-util-has-property@3.0.0": {
      "integrity": "sha512-MNilsvEKLFpV604hwfhVStK0usFY/QmM5zX16bo7EjnAEGofr5YyI37kzopBlZJkHD4t887i+q/C8/tr5Q94cA==",
      "dependencies": [
        "@types/hast"
      ]
    },
    "hast-util-is-body-ok-link@3.0.1": {
      "integrity": "sha512-0qpnzOBLztXHbHQenVB8uNuxTnm/QBFUOmdOSsEn7GnBtyY07+ENTWVFBAnXd/zEgd9/SUG3lRY7hSIBWRgGpQ==",
      "dependencies": [
        "@types/hast"
      ]
    },
    "hast-util-is-element@3.0.0": {
      "integrity": "sha512-Val9mnv2IWpLbNPqc/pUem+a7Ipj2aHacCwgNfTiK0vJKl0LF+4Ba4+v1oPHFpf3bLYmreq0/l3Gud9S5OH42g==",
      "dependencies": [
        "@types/hast"
      ]
    },
    "hast-util-minify-whitespace@1.0.1": {
      "integrity": "sha512-L96fPOVpnclQE0xzdWb/D12VT5FabA7SnZOUMtL1DbXmYiHJMXZvFkIZfiMmTCNJHUeO2K9UYNXoVyfz+QHuOw==",
      "dependencies": [
        "@types/hast",
        "hast-util-embedded",
        "hast-util-is-element",
        "hast-util-whitespace",
        "unist-util-is"
      ]
    },
    "hast-util-phrasing@3.0.1": {
      "integrity": "sha512-6h60VfI3uBQUxHqTyMymMZnEbNl1XmEGtOxxKYL7stY2o601COo62AWAYBQR9lZbYXYSBoxag8UpPRXK+9fqSQ==",
      "dependencies": [
        "@types/hast",
        "hast-util-embedded",
        "hast-util-has-property",
        "hast-util-is-body-ok-link",
        "hast-util-is-element"
      ]
    },
    "hast-util-to-html@9.0.5": {
      "integrity": "sha512-OguPdidb+fbHQSU4Q4ZiLKnzWo8Wwsf5bZfbvu7//a9oTYoqD/fWpe96NuHkoS9h0ccGOTe0C4NGXdtS0iObOw==",
      "dependencies": [
        "@types/hast",
        "@types/unist",
        "ccount",
        "comma-separated-tokens",
        "hast-util-whitespace",
        "html-void-elements",
        "mdast-util-to-hast",
        "property-information",
        "space-separated-tokens",
        "stringify-entities",
        "zwitch"
      ]
    },
    "hast-util-whitespace@3.0.0": {
      "integrity": "sha512-88JUN06ipLwsnv+dVn+OIYOvAuvBMy/Qoi6O7mQHxdPXpjy+Cd6xRkWwux7DKO+4sYILtLBRIKgsdpS2gQc7qw==",
      "dependencies": [
        "@types/hast"
      ]
    },
    "hookable@6.1.1": {
      "integrity": "sha512-U9LYDy1CwhMCnprUfeAZWZGByVbhd54hwepegYTK7Pi5NvqEj63ifz5z+xukznehT7i6NIZRu89Ay1AZmRsLEQ=="
    },
    "html-void-elements@3.0.0": {
      "integrity": "sha512-bEqo66MRXsUGxWHV5IP0PUiAWwoEjba4VCzg0LjFJBpchPaTfyfCKTG6bc5F8ucKec3q5y6qOdGyYTSBEvhCrg=="
    },
    "html-whitespace-sensitive-tag-names@3.0.1": {
      "integrity": "sha512-q+310vW8zmymYHALr1da4HyXUQ0zgiIwIicEfotYPWGN0OJVEN/58IJ3A4GBYcEq3LGAZqKb+ugvP0GNB9CEAA=="
    },
    "import-without-cache@0.2.5": {
      "integrity": "sha512-B6Lc2s6yApwnD2/pMzFh/d5AVjdsDXjgkeJ766FmFuJELIGHNycKRj+l3A39yZPM4CchqNCB4RITEAYB1KUM6A=="
    },
    "is-plain-obj@4.1.0": {
      "integrity": "sha512-+Pgi+vMuUNkJyExiMBt5IlFoMyKnr5zhJ4Uspz58WOhBF5QoIZkFyNHIbBAtHwzVAgk5RtndVNsDRN61/mmDqg=="
    },
    "jiti@2.6.1": {
      "integrity": "sha512-ekilCSN1jwRvIbgeg/57YFh8qQDNbwDb9xT/qu2DAHbFFZUicIl4ygVaAvzveMhMVr3LnpSKTNnwt8PoOfmKhQ==",
      "bin": true
    },
    "jsesc@3.1.0": {
      "integrity": "sha512-/sM3dO2FOzXjKQhJuo0Q173wf2KOo8t4I8vHy6lF9poUp7bKT0/NHE8fPX23PwfhnykfqnC2xRxOnVw5XuGIaA==",
      "bin": true
    },
    "jsonc-parser@3.3.1": {
      "integrity": "sha512-HUgH65KyejrUFPvHFPbqOY0rsFip3Bo5wb4ngvdi1EpCYWUQDC5V+Y7mZws+DLkr4M//zQJoanu1SP+87Dv1oQ=="
    },
    "longest-streak@3.1.0": {
      "integrity": "sha512-9Ri+o0JYgehTaVBBDoMqIl8GXtbWg711O3srftcHhZ0dqnETqLaoIK0x17fUw9rFSlK/0NlsKe0Ahhyl5pXE2g=="
    },
    "markdown-table@3.0.4": {
      "integrity": "sha512-wiYz4+JrLyb/DqW2hkFJxP7Vd7JuTDm77fvbM8VfEQdmSMqcImWeeRbHwZjBjIFki/VaMK2BhFi7oUUZeM5bqw=="
    },
    "mdast-util-find-and-replace@3.0.2": {
      "integrity": "sha512-Tmd1Vg/m3Xz43afeNxDIhWRtFZgM2VLyaf4vSTYwudTyeuTneoL3qtWMA5jeLyz/O1vDJmmV4QuScFCA2tBPwg==",
      "dependencies": [
        "@types/mdast",
        "escape-string-regexp",
        "unist-util-is",
        "unist-util-visit-parents"
      ]
    },
    "mdast-util-from-markdown@2.0.3": {
      "integrity": "sha512-W4mAWTvSlKvf8L6J+VN9yLSqQ9AOAAvHuoDAmPkz4dHf553m5gVj2ejadHJhoJmcmxEnOv6Pa8XJhpxE93kb8Q==",
      "dependencies": [
        "@types/mdast",
        "@types/unist",
        "decode-named-character-reference",
        "devlop",
        "mdast-util-to-string",
        "micromark",
        "micromark-util-decode-numeric-character-reference",
        "micromark-util-decode-string",
        "micromark-util-normalize-identifier",
        "micromark-util-symbol",
        "micromark-util-types",
        "unist-util-stringify-position"
      ]
    },
    "mdast-util-gfm-autolink-literal@2.0.1": {
      "integrity": "sha512-5HVP2MKaP6L+G6YaxPNjuL0BPrq9orG3TsrZ9YXbA3vDw/ACI4MEsnoDpn6ZNm7GnZgtAcONJyPhOP8tNJQavQ==",
      "dependencies": [
        "@types/mdast",
        "ccount",
        "devlop",
        "mdast-util-find-and-replace",
        "micromark-util-character"
      ]
    },
    "mdast-util-gfm-footnote@2.1.0": {
      "integrity": "sha512-sqpDWlsHn7Ac9GNZQMeUzPQSMzR6Wv0WKRNvQRg0KqHh02fpTz69Qc1QSseNX29bhz1ROIyNyxExfawVKTm1GQ==",
      "dependencies": [
        "@types/mdast",
        "devlop",
        "mdast-util-from-markdown",
        "mdast-util-to-markdown",
        "micromark-util-normalize-identifier"
      ]
    },
    "mdast-util-gfm-strikethrough@2.0.0": {
      "integrity": "sha512-mKKb915TF+OC5ptj5bJ7WFRPdYtuHv0yTRxK2tJvi+BDqbkiG7h7u/9SI89nRAYcmap2xHQL9D+QG/6wSrTtXg==",
      "dependencies": [
        "@types/mdast",
        "mdast-util-from-markdown",
        "mdast-util-to-markdown"
      ]
    },
    "mdast-util-gfm-table@2.0.0": {
      "integrity": "sha512-78UEvebzz/rJIxLvE7ZtDd/vIQ0RHv+3Mh5DR96p7cS7HsBhYIICDBCu8csTNWNO6tBWfqXPWekRuj2FNOGOZg==",
      "dependencies": [
        "@types/mdast",
        "devlop",
        "markdown-table",
        "mdast-util-from-markdown",
        "mdast-util-to-markdown"
      ]
    },
    "mdast-util-gfm-task-list-item@2.0.0": {
      "integrity": "sha512-IrtvNvjxC1o06taBAVJznEnkiHxLFTzgonUdy8hzFVeDun0uTjxxrRGVaNFqkU1wJR3RBPEfsxmU6jDWPofrTQ==",
      "dependencies": [
        "@types/mdast",
        "devlop",
        "mdast-util-from-markdown",
        "mdast-util-to-markdown"
      ]
    },
    "mdast-util-gfm@3.1.0": {
      "integrity": "sha512-0ulfdQOM3ysHhCJ1p06l0b0VKlhU0wuQs3thxZQagjcjPrlFRqY215uZGHHJan9GEAXd9MbfPjFJz+qMkVR6zQ==",
      "dependencies": [
        "mdast-util-from-markdown",
        "mdast-util-gfm-autolink-literal",
        "mdast-util-gfm-footnote",
        "mdast-util-gfm-strikethrough",
        "mdast-util-gfm-table",
        "mdast-util-gfm-task-list-item",
        "mdast-util-to-markdown"
      ]
    },
    "mdast-util-phrasing@4.1.0": {
      "integrity": "sha512-TqICwyvJJpBwvGAMZjj4J2n0X8QWp21b9l0o7eXyVJ25YNWYbJDVIyD1bZXE6WtV6RmKJVYmQAKWa0zWOABz2w==",
      "dependencies": [
        "@types/mdast",
        "unist-util-is"
      ]
    },
    "mdast-util-to-hast@13.2.1": {
      "integrity": "sha512-cctsq2wp5vTsLIcaymblUriiTcZd0CwWtCbLvrOzYCDZoWyMNV8sZ7krj09FSnsiJi3WVsHLM4k6Dq/yaPyCXA==",
      "dependencies": [
        "@types/hast",
        "@types/mdast",
        "@ungap/structured-clone",
        "devlop",
        "micromark-util-sanitize-uri",
        "trim-lines",
        "unist-util-position",
        "unist-util-visit",
        "vfile"
      ]
    },
    "mdast-util-to-markdown@2.1.2": {
      "integrity": "sha512-xj68wMTvGXVOKonmog6LwyJKrYXZPvlwabaryTjLh9LuvovB/KAH+kvi8Gjj+7rJjsFi23nkUxRQv1KqSroMqA==",
      "dependencies": [
        "@types/mdast",
        "@types/unist",
        "longest-streak",
        "mdast-util-phrasing",
        "mdast-util-to-string",
        "micromark-util-classify-character",
        "micromark-util-decode-string",
        "unist-util-visit",
        "zwitch"
      ]
    },
    "mdast-util-to-string@4.0.0": {
      "integrity": "sha512-0H44vDimn51F0YwvxSJSm0eCDOJTRlmN0R1yBh4HLj9wiV1Dn0QoXGbvFAWj2hSItVTlCmBF1hqKlIyUBVFLPg==",
      "dependencies": [
        "@types/mdast"
      ]
    },
    "micromark-core-commonmark@2.0.3": {
      "integrity": "sha512-RDBrHEMSxVFLg6xvnXmb1Ayr2WzLAWjeSATAoxwKYJV94TeNavgoIdA0a9ytzDSVzBy2YKFK+emCPOEibLeCrg==",
      "dependencies": [
        "decode-named-character-reference",
        "devlop",
        "micromark-factory-destination",
        "micromark-factory-label",
        "micromark-factory-space",
        "micromark-factory-title",
        "micromark-factory-whitespace",
        "micromark-util-character",
        "micromark-util-chunked",
        "micromark-util-classify-character",
        "micromark-util-html-tag-name",
        "micromark-util-normalize-identifier",
        "micromark-util-resolve-all",
        "micromark-util-subtokenize",
        "micromark-util-symbol",
        "micromark-util-types"
      ]
    },
    "micromark-extension-gfm-autolink-literal@2.1.0": {
      "integrity": "sha512-oOg7knzhicgQ3t4QCjCWgTmfNhvQbDDnJeVu9v81r7NltNCVmhPy1fJRX27pISafdjL+SVc4d3l48Gb6pbRypw==",
      "dependencies": [
        "micromark-util-character",
        "micromark-util-sanitize-uri",
        "micromark-util-symbol",
        "micromark-util-types"
      ]
    },
    "micromark-extension-gfm-footnote@2.1.0": {
      "integrity": "sha512-/yPhxI1ntnDNsiHtzLKYnE3vf9JZ6cAisqVDauhp4CEHxlb4uoOTxOCJ+9s51bIB8U1N1FJ1RXOKTIlD5B/gqw==",
      "dependencies": [
        "devlop",
        "micromark-core-commonmark",
        "micromark-factory-space",
        "micromark-util-character",
        "micromark-util-normalize-identifier",
        "micromark-util-sanitize-uri",
        "micromark-util-symbol",
        "micromark-util-types"
      ]
    },
    "micromark-extension-gfm-strikethrough@2.1.0": {
      "integrity": "sha512-ADVjpOOkjz1hhkZLlBiYA9cR2Anf8F4HqZUO6e5eDcPQd0Txw5fxLzzxnEkSkfnD0wziSGiv7sYhk/ktvbf1uw==",
      "dependencies": [
        "devlop",
        "micromark-util-chunked",
        "micromark-util-classify-character",
        "micromark-util-resolve-all",
        "micromark-util-symbol",
        "micromark-util-types"
      ]
    },
    "micromark-extension-gfm-table@2.1.1": {
      "integrity": "sha512-t2OU/dXXioARrC6yWfJ4hqB7rct14e8f7m0cbI5hUmDyyIlwv5vEtooptH8INkbLzOatzKuVbQmAYcbWoyz6Dg==",
      "dependencies": [
        "devlop",
        "micromark-factory-space",
        "micromark-util-character",
        "micromark-util-symbol",
        "micromark-util-types"
      ]
    },
    "micromark-extension-gfm-tagfilter@2.0.0": {
      "integrity": "sha512-xHlTOmuCSotIA8TW1mDIM6X2O1SiX5P9IuDtqGonFhEK0qgRI4yeC6vMxEV2dgyr2TiD+2PQ10o+cOhdVAcwfg==",
      "dependencies": [
        "micromark-util-types"
      ]
    },
    "micromark-extension-gfm-task-list-item@2.1.0": {
      "integrity": "sha512-qIBZhqxqI6fjLDYFTBIa4eivDMnP+OZqsNwmQ3xNLE4Cxwc+zfQEfbs6tzAo2Hjq+bh6q5F+Z8/cksrLFYWQQw==",
      "dependencies": [
        "devlop",
        "micromark-factory-space",
        "micromark-util-character",
        "micromark-util-symbol",
        "micromark-util-types"
      ]
    },
    "micromark-extension-gfm@3.0.0": {
      "integrity": "sha512-vsKArQsicm7t0z2GugkCKtZehqUm31oeGBV/KVSorWSy8ZlNAv7ytjFhvaryUiCUJYqs+NoE6AFhpQvBTM6Q4w==",
      "dependencies": [
        "micromark-extension-gfm-autolink-literal",
        "micromark-extension-gfm-footnote",
        "micromark-extension-gfm-strikethrough",
        "micromark-extension-gfm-table",
        "micromark-extension-gfm-tagfilter",
        "micromark-extension-gfm-task-list-item",
        "micromark-util-combine-extensions",
        "micromark-util-types"
      ]
    },
    "micromark-factory-destination@2.0.1": {
      "integrity": "sha512-Xe6rDdJlkmbFRExpTOmRj9N3MaWmbAgdpSrBQvCFqhezUn4AHqJHbaEnfbVYYiexVSs//tqOdY/DxhjdCiJnIA==",
      "dependencies": [
        "micromark-util-character",
        "micromark-util-symbol",
        "micromark-util-types"
      ]
    },
    "micromark-factory-label@2.0.1": {
      "integrity": "sha512-VFMekyQExqIW7xIChcXn4ok29YE3rnuyveW3wZQWWqF4Nv9Wk5rgJ99KzPvHjkmPXF93FXIbBp6YdW3t71/7Vg==",
      "dependencies": [
        "devlop",
        "micromark-util-character",
        "micromark-util-symbol",
        "micromark-util-types"
      ]
    },
    "micromark-factory-space@2.0.1": {
      "integrity": "sha512-zRkxjtBxxLd2Sc0d+fbnEunsTj46SWXgXciZmHq0kDYGnck/ZSGj9/wULTV95uoeYiK5hRXP2mJ98Uo4cq/LQg==",
      "dependencies": [
        "micromark-util-character",
        "micromark-util-types"
      ]
    },
    "micromark-factory-title@2.0.1": {
      "integrity": "sha512-5bZ+3CjhAd9eChYTHsjy6TGxpOFSKgKKJPJxr293jTbfry2KDoWkhBb6TcPVB4NmzaPhMs1Frm9AZH7OD4Cjzw==",
      "dependencies": [
        "micromark-factory-space",
        "micromark-util-character",
        "micromark-util-symbol",
        "micromark-util-types"
      ]
    },
    "micromark-factory-whitespace@2.0.1": {
      "integrity": "sha512-Ob0nuZ3PKt/n0hORHyvoD9uZhr+Za8sFoP+OnMcnWK5lngSzALgQYKMr9RJVOWLqQYuyn6ulqGWSXdwf6F80lQ==",
      "dependencies": [
        "micromark-factory-space",
        "micromark-util-character",
        "micromark-util-symbol",
        "micromark-util-types"
      ]
    },
    "micromark-util-character@2.1.1": {
      "integrity": "sha512-wv8tdUTJ3thSFFFJKtpYKOYiGP2+v96Hvk4Tu8KpCAsTMs6yi+nVmGh1syvSCsaxz45J6Jbw+9DD6g97+NV67Q==",
      "dependencies": [
        "micromark-util-symbol",
        "micromark-util-types"
      ]
    },
    "micromark-util-chunked@2.0.1": {
      "integrity": "sha512-QUNFEOPELfmvv+4xiNg2sRYeS/P84pTW0TCgP5zc9FpXetHY0ab7SxKyAQCNCc1eK0459uoLI1y5oO5Vc1dbhA==",
      "dependencies": [
        "micromark-util-symbol"
      ]
    },
    "micromark-util-classify-character@2.0.1": {
      "integrity": "sha512-K0kHzM6afW/MbeWYWLjoHQv1sgg2Q9EccHEDzSkxiP/EaagNzCm7T/WMKZ3rjMbvIpvBiZgwR3dKMygtA4mG1Q==",
      "dependencies": [
        "micromark-util-character",
        "micromark-util-symbol",
        "micromark-util-types"
      ]
    },
    "micromark-util-combine-extensions@2.0.1": {
      "integrity": "sha512-OnAnH8Ujmy59JcyZw8JSbK9cGpdVY44NKgSM7E9Eh7DiLS2E9RNQf0dONaGDzEG9yjEl5hcqeIsj4hfRkLH/Bg==",
      "dependencies": [
        "micromark-util-chunked",
        "micromark-util-types"
      ]
    },
    "micromark-util-decode-numeric-character-reference@2.0.2": {
      "integrity": "sha512-ccUbYk6CwVdkmCQMyr64dXz42EfHGkPQlBj5p7YVGzq8I7CtjXZJrubAYezf7Rp+bjPseiROqe7G6foFd+lEuw==",
      "dependencies": [
        "micromark-util-symbol"
      ]
    },
    "micromark-util-decode-string@2.0.1": {
      "integrity": "sha512-nDV/77Fj6eH1ynwscYTOsbK7rR//Uj0bZXBwJZRfaLEJ1iGBR6kIfNmlNqaqJf649EP0F3NWNdeJi03elllNUQ==",
      "dependencies": [
        "decode-named-character-reference",
        "micromark-util-character",
        "micromark-util-decode-numeric-character-reference",
        "micromark-util-symbol"
      ]
    },
    "micromark-util-encode@2.0.1": {
      "integrity": "sha512-c3cVx2y4KqUnwopcO9b/SCdo2O67LwJJ/UyqGfbigahfegL9myoEFoDYZgkT7f36T0bLrM9hZTAaAyH+PCAXjw=="
    },
    "micromark-util-html-tag-name@2.0.1": {
      "integrity": "sha512-2cNEiYDhCWKI+Gs9T0Tiysk136SnR13hhO8yW6BGNyhOC4qYFnwF1nKfD3HFAIXA5c45RrIG1ub11GiXeYd1xA=="
    },
    "micromark-util-normalize-identifier@2.0.1": {
      "integrity": "sha512-sxPqmo70LyARJs0w2UclACPUUEqltCkJ6PhKdMIDuJ3gSf/Q+/GIe3WKl0Ijb/GyH9lOpUkRAO2wp0GVkLvS9Q==",
      "dependencies": [
        "micromark-util-symbol"
      ]
    },
    "micromark-util-resolve-all@2.0.1": {
      "integrity": "sha512-VdQyxFWFT2/FGJgwQnJYbe1jjQoNTS4RjglmSjTUlpUMa95Htx9NHeYW4rGDJzbjvCsl9eLjMQwGeElsqmzcHg==",
      "dependencies": [
        "micromark-util-types"
      ]
    },
    "micromark-util-sanitize-uri@2.0.1": {
      "integrity": "sha512-9N9IomZ/YuGGZZmQec1MbgxtlgougxTodVwDzzEouPKo3qFWvymFHWcnDi2vzV1ff6kas9ucW+o3yzJK9YB1AQ==",
      "dependencies": [
        "micromark-util-character",
        "micromark-util-encode",
        "micromark-util-symbol"
      ]
    },
    "micromark-util-subtokenize@2.1.0": {
      "integrity": "sha512-XQLu552iSctvnEcgXw6+Sx75GflAPNED1qx7eBJ+wydBb2KCbRZe+NwvIEEMM83uml1+2WSXpBAcp9IUCgCYWA==",
      "dependencies": [
        "devlop",
        "micromark-util-chunked",
        "micromark-util-symbol",
        "micromark-util-types"
      ]
    },
    "micromark-util-symbol@2.0.1": {
      "integrity": "sha512-vs5t8Apaud9N28kgCrRUdEed4UJ+wWNvicHLPxCa9ENlYuAY31M0ETy5y1vA33YoNPDFTghEbnh6efaE8h4x0Q=="
    },
    "micromark-util-types@2.0.2": {
      "integrity": "sha512-Yw0ECSpJoViF1qTU4DC6NwtC4aWGt1EkzaQB8KPPyCRR8z9TWeV0HbEFGTO+ZY1wB22zmxnJqhPyTpOVCpeHTA=="
    },
    "micromark@4.0.2": {
      "integrity": "sha512-zpe98Q6kvavpCr1NPVSCMebCKfD7CA2NqZ+rykeNhONIJBpc1tFKt9hucLGwha3jNTNI8lHpctWJWoimVF4PfA==",
      "dependencies": [
        "@types/debug",
        "debug",
        "decode-named-character-reference",
        "devlop",
        "micromark-core-commonmark",
        "micromark-factory-space",
        "micromark-util-character",
        "micromark-util-chunked",
        "micromark-util-combine-extensions",
        "micromark-util-decode-numeric-character-reference",
        "micromark-util-encode",
        "micromark-util-normalize-identifier",
        "micromark-util-resolve-all",
        "micromark-util-sanitize-uri",
        "micromark-util-subtokenize",
        "micromark-util-symbol",
        "micromark-util-types"
      ]
    },
    "ms@2.1.3": {
      "integrity": "sha512-6FlzubTLZG3J2a/NVCAleEhjzq5oxgHyaCU9yYXvcLsvoVaHJq/s5xXI6/XXP6tz7R9xAOtHnSO/tXtF3WRTlA=="
    },
    "obug@2.1.1": {
      "integrity": "sha512-uTqF9MuPraAQ+IsnPf366RG4cP9RtUi7MLO1N3KEc+wb0a6yKpeL0lmk2IB1jY5KHPAlTc6T/JRdC/YqxHNwkQ=="
    },
    "package-manager-detector@1.6.0": {
      "integrity": "sha512-61A5ThoTiDG/C8s8UMZwSorAGwMJ0ERVGj2OjoW5pAalsNOg15+iQiPzrLJ4jhZ1HJzmC2PIHT2oEiH3R5fzNA=="
    },
    "pathe@2.0.3": {
      "integrity": "sha512-WUjGcAqP1gQacoQe+OBJsFA7Ld4DyXuUIjZ5cc75cLHvJ7dtNsTugphxIADwspS+AraAUePCKrSVtPLFj/F88w=="
    },
    "picomatch@4.0.4": {
      "integrity": "sha512-QP88BAKvMam/3NxH6vj2o21R6MjxZUAd6nlwAS/pnGvN9IVLocLHxGYIzFhg6fUQ+5th6P4dv4eW9jX3DSIj7A=="
    },
    "property-information@7.1.0": {
      "integrity": "sha512-TwEZ+X+yCJmYfL7TPUOcvBZ4QfoT5YenQiJuX//0th53DE6w0xxLEtfK3iyryQFddXuvkIk51EEgrJQ0WJkOmQ=="
    },
    "quansync@1.0.0": {
      "integrity": "sha512-5xZacEEufv3HSTPQuchrvV6soaiACMFnq1H8wkVioctoH3TRha9Sz66lOxRwPK/qZj7HPiSveih9yAyh98gvqA=="
    },
    "rehype-format@5.0.1": {
      "integrity": "sha512-zvmVru9uB0josBVpr946OR8ui7nJEdzZobwLOOqHb/OOD88W0Vk2SqLwoVOj0fM6IPCCO6TaV9CvQvJMWwukFQ==",
      "dependencies": [
        "@types/hast",
        "hast-util-format"
      ]
    },
    "rehype-stringify@10.0.1": {
      "integrity": "sha512-k9ecfXHmIPuFVI61B9DeLPN0qFHfawM6RsuX48hoqlaKSF61RskNjSm1lI8PhBEM0MRdLxVVm4WmTqJQccH9mA==",
      "dependencies": [
        "@types/hast",
        "hast-util-to-html",
        "unified"
      ]
    },
    "remark-gfm@4.0.1": {
      "integrity": "sha512-1quofZ2RQ9EWdeN34S79+KExV1764+wCUGop5CPL1WGdD0ocPpu91lzPGbwWMECpEpd42kJGQwzRfyov9j4yNg==",
      "dependencies": [
        "@types/mdast",
        "mdast-util-gfm",
        "micromark-extension-gfm",
        "remark-parse",
        "remark-stringify",
        "unified"
      ]
    },
    "remark-parse@11.0.0": {
      "integrity": "sha512-FCxlKLNGknS5ba/1lmpYijMUzX2esxW5xQqjWxw2eHFfS2MSdaHVINFmhjo+qN1WhZhNimq0dZATN9pH0IDrpA==",
      "dependencies": [
        "@types/mdast",
        "mdast-util-from-markdown",
        "micromark-util-types",
        "unified"
      ]
    },
    "remark-rehype@11.1.2": {
      "integrity": "sha512-Dh7l57ianaEoIpzbp0PC9UKAdCSVklD8E5Rpw7ETfbTl3FqcOOgq5q2LVDhgGCkaBv7p24JXikPdvhhmHvKMsw==",
      "dependencies": [
        "@types/hast",
        "@types/mdast",
        "mdast-util-to-hast",
        "unified",
        "vfile"
      ]
    },
    "remark-stringify@11.0.0": {
      "integrity": "sha512-1OSmLd3awB/t8qdoEOMazZkNsfVTeY4fTsgzcQFdXNq8ToTN4ZGwrMnlda4K6smTFKD+GRV6O48i6Z4iKgPPpw==",
      "dependencies": [
        "@types/mdast",
        "mdast-util-to-markdown",
        "unified"
      ]
    },
    "remark@15.0.1": {
      "integrity": "sha512-Eht5w30ruCXgFmxVUSlNWQ9iiimq07URKeFS3hNc8cUWy1llX4KDWfyEDZRycMc+znsN9Ux5/tJ/BFdgdOwA3A==",
      "dependencies": [
        "@types/mdast",
        "remark-parse",
        "remark-stringify",
        "unified"
      ]
    },
    "resolve-pkg-maps@1.0.0": {
      "integrity": "sha512-seS2Tj26TBVOC2NIc2rOe2y2ZO7efxITtLZcGSOnHHNOQ7CkiUBfw0Iw2ck6xkIhPwLhKNLS8BO+hEpngQlqzw=="
    },
    "rolldown-plugin-dts@0.23.2_rolldown@1.0.0-rc.15_typescript@6.0.2": {
      "integrity": "sha512-PbSqLawLgZBGcOGT3yqWBGn4cX+wh2nt5FuBGdcMHyOhoukmjbhYAl8NT9sE4U38Cm9tqLOIQeOrvzeayM0DLQ==",
      "dependencies": [
        "@babel/generator",
        "@babel/helper-validator-identifier",
        "@babel/parser",
        "@babel/types",
        "ast-kit",
        "birpc",
        "dts-resolver",
        "get-tsconfig",
        "obug",
        "picomatch",
        "rolldown",
        "typescript"
      ],
      "optionalPeers": [
        "typescript"
      ]
    },
    "rolldown@1.0.0-rc.15": {
      "integrity": "sha512-Ff31guA5zT6WjnGp0SXw76X6hzGRk/OQq2hE+1lcDe+lJdHSgnSX6nK3erbONHyCbpSj9a9E+uX/OvytZoWp2g==",
      "dependencies": [
        "@oxc-project/types",
        "@rolldown/pluginutils"
      ],
      "optionalDependencies": [
        "@rolldown/binding-android-arm64",
        "@rolldown/binding-darwin-arm64",
        "@rolldown/binding-darwin-x64",
        "@rolldown/binding-freebsd-x64",
        "@rolldown/binding-linux-arm-gnueabihf",
        "@rolldown/binding-linux-arm64-gnu",
        "@rolldown/binding-linux-arm64-musl",
        "@rolldown/binding-linux-ppc64-gnu",
        "@rolldown/binding-linux-s390x-gnu",
        "@rolldown/binding-linux-x64-gnu",
        "@rolldown/binding-linux-x64-musl",
        "@rolldown/binding-openharmony-arm64",
        "@rolldown/binding-wasm32-wasi",
        "@rolldown/binding-win32-arm64-msvc",
        "@rolldown/binding-win32-x64-msvc"
      ],
      "bin": true
    },
    "semver@7.7.4": {
      "integrity": "sha512-vFKC2IEtQnVhpT78h1Yp8wzwrf8CM+MzKMHGJZfBtzhZNycRFnXsHk6E5TxIkkMsgNS7mdX3AGB7x2QM2di4lA==",
      "bin": true
    },
    "space-separated-tokens@2.0.2": {
      "integrity": "sha512-PEGlAwrG8yXGXRjW32fGbg66JAlOAwbObuqVoJpv/mRgoWDQfgH1wDPvtzWyUSNAXBGSk8h755YDbbcEy3SH2Q=="
    },
    "string-length@7.0.1": {
      "integrity": "sha512-QsRZm5AohSUvYxT7jfbim64OjbOMYNJZIqHtUexV72a+LJrmrarvon8j+rZy3RLvAa2+8UIeGz8uRVHpAQRMMQ=="
    },
    "stringify-entities@4.0.4": {
      "integrity": "sha512-IwfBptatlO+QCJUo19AqvrPNqlVMpW9YEL2LIVY+Rpv2qsjCGxaDLNRgeGsQWJhfItebuJhsGSLjaBbNSQ+ieg==",
      "dependencies": [
        "character-entities-html4",
        "character-entities-legacy"
      ]
    },
    "tagged-tag@1.0.0": {
      "integrity": "sha512-yEFYrVhod+hdNyx7g5Bnkkb0G6si8HJurOoOEgC8B/O0uXLHlaey/65KRv6cuWBNhBgHKAROVpc7QyYqE5gFng=="
    },
    "tinyexec@1.1.1": {
      "integrity": "sha512-VKS/ZaQhhkKFMANmAOhhXVoIfBXblQxGX1myCQ2faQrfmobMftXeJPcZGp0gS07ocvGJWDLZGyOZDadDBqYIJg=="
    },
    "tinyglobby@0.2.16": {
      "integrity": "sha512-pn99VhoACYR8nFHhxqix+uvsbXineAasWm5ojXoN8xEwK5Kd3/TrhNn1wByuD52UxWRLy8pu+kRMniEi6Eq9Zg==",
      "dependencies": [
        "fdir",
        "picomatch"
      ]
    },
    "to-vfile@8.0.0": {
      "integrity": "sha512-IcmH1xB5576MJc9qcfEC/m/nQCFt3fzMHz45sSlgJyTWjRbKW1HAkJpuf3DgE57YzIlZcwcBZA5ENQbBo4aLkg==",
      "dependencies": [
        "vfile"
      ]
    },
    "tree-kill@1.2.2": {
      "integrity": "sha512-L0Orpi8qGpRG//Nd+H90vFB+3iHnue1zSSGmNOOCh1GLJ7rUKVwV2HvijphGQS2UmhUZewS9VgvxYIdgr+fG1A==",
      "bin": true
    },
    "trim-lines@3.0.1": {
      "integrity": "sha512-kRj8B+YHZCc9kQYdWfJB2/oUl9rA99qbowYYBtr4ui4mZyAQ2JpvVBd/6U2YloATfqBhBTSMhTpgBHtU0Mf3Rg=="
    },
    "trough@2.2.0": {
      "integrity": "sha512-tmMpK00BjZiUyVyvrBK7knerNgmgvcV/KLVyuma/SC+TQN167GrMRciANTz09+k3zW8L8t60jWO1GpfkZdjTaw=="
    },
    "ts-deepmerge@7.0.3": {
      "integrity": "sha512-Du/ZW2RfwV/D4cmA5rXafYjBQVuvu4qGiEEla4EmEHVHgRdx68Gftx7i66jn2bzHPwSVZY36Ae6OuDn9el4ZKA=="
    },
    "tsdown@0.21.8_typescript@6.0.2": {
      "integrity": "sha512-rHDIER4JU5owYTWptvyDk6pwfA5lCft1P+11HLGeF0uj0CB7vopFvr/E8QOaRmegeyHIEsu4+03j7ysvdgBAVA==",
      "dependencies": [
        "ansis",
        "cac",
        "defu",
        "empathic",
        "hookable",
        "import-without-cache",
        "obug",
        "picomatch",
        "rolldown",
        "rolldown-plugin-dts",
        "semver",
        "tinyexec",
        "tinyglobby",
        "tree-kill",
        "typescript",
        "unconfig-core",
        "unrun"
      ],
      "optionalPeers": [
        "typescript"
      ],
      "bin": true
    },
    "tslib@2.8.1": {
      "integrity": "sha512-oJFu94HQb+KVduSUQL7wnpmqnfmLsOA/nAh6b6EH0wCEoK0/mPeXU6c3wKDV83MkOuHPRHtSXKKU99IBazS/2w=="
    },
    "type-fest@5.5.0": {
      "integrity": "sha512-PlBfpQwiUvGViBNX84Yxwjsdhd1TUlXr6zjX7eoirtCPIr08NAmxwa+fcYBTeRQxHo9YC9wwF3m9i700sHma8g==",
      "dependencies": [
        "tagged-tag"
      ]
    },
    "typescript@6.0.2": {
      "integrity": "sha512-bGdAIrZ0wiGDo5l8c++HWtbaNCWTS4UTv7RaTH/ThVIgjkveJt83m74bBHMJkuCbslY8ixgLBVZJIOiQlQTjfQ==",
      "bin": true
    },
    "unconfig-core@7.5.0": {
      "integrity": "sha512-Su3FauozOGP44ZmKdHy2oE6LPjk51M/TRRjHv2HNCWiDvfvCoxC2lno6jevMA91MYAdCdwP05QnWdWpSbncX/w==",
      "dependencies": [
        "@quansync/fs",
        "quansync"
      ]
    },
    "unconfig@7.5.0": {
      "integrity": "sha512-oi8Qy2JV4D3UQ0PsopR28CzdQ3S/5A1zwsUwp/rosSbfhJ5z7b90bIyTwi/F7hCLD4SGcZVjDzd4XoUQcEanvA==",
      "dependencies": [
        "@quansync/fs",
        "defu",
        "jiti",
        "quansync",
        "unconfig-core"
      ]
    },
    "undici-types@7.19.2": {
      "integrity": "sha512-qYVnV5OEm2AW8cJMCpdV20CDyaN3g0AjDlOGf1OW4iaDEx8MwdtChUp4zu4H0VP3nDRF/8RKWH+IPp9uW0YGZg=="
    },
    "unified@11.0.5": {
      "integrity": "sha512-xKvGhPWw3k84Qjh8bI3ZeJjqnyadK+GEFtazSfZv/rKeTkTjOJho6mFqh2SM96iIcZokxiOpg78GazTSg8+KHA==",
      "dependencies": [
        "@types/unist",
        "bail",
        "devlop",
        "extend",
        "is-plain-obj",
        "trough",
        "vfile"
      ]
    },
    "unist-util-is@6.0.1": {
      "integrity": "sha512-LsiILbtBETkDz8I9p1dQ0uyRUWuaQzd/cuEeS1hoRSyW5E5XGmTzlwY1OrNzzakGowI9Dr/I8HVaw4hTtnxy8g==",
      "dependencies": [
        "@types/unist"
      ]
    },
    "unist-util-position@5.0.0": {
      "integrity": "sha512-fucsC7HjXvkB5R3kTCO7kUjRdrS0BJt3M/FPxmHMBOm8JQi2BsHAHFsy27E0EolP8rp0NzXsJ+jNPyDWvOJZPA==",
      "dependencies": [
        "@types/unist"
      ]
    },
    "unist-util-stringify-position@4.0.0": {
      "integrity": "sha512-0ASV06AAoKCDkS2+xw5RXJywruurpbC4JZSm7nr7MOt1ojAzvyyaO+UxZf18j8FCF6kmzCZKcAgN/yu2gm2XgQ==",
      "dependencies": [
        "@types/unist"
      ]
    },
    "unist-util-visit-parents@6.0.2": {
      "integrity": "sha512-goh1s1TBrqSqukSc8wrjwWhL0hiJxgA8m4kFxGlQ+8FYQ3C/m11FcTs4YYem7V664AhHVvgoQLk890Ssdsr2IQ==",
      "dependencies": [
        "@types/unist",
        "unist-util-is"
      ]
    },
    "unist-util-visit@5.1.0": {
      "integrity": "sha512-m+vIdyeCOpdr/QeQCu2EzxX/ohgS8KbnPDgFni4dQsfSCtpz8UqDyY5GjRru8PDKuYn7Fq19j1CQ+nJSsGKOzg==",
      "dependencies": [
        "@types/unist",
        "unist-util-is",
        "unist-util-visit-parents"
      ]
    },
    "unrun@0.2.35": {
      "integrity": "sha512-nDP7mA4Fu5owDarQtLiiN3lq7tJZHFEAVIchnwP8U3wMeEkLoUNT37Hva85H05Rdw8CArpGmtY+lBjpk9fruVQ==",
      "dependencies": [
        "rolldown"
      ],
      "bin": true
    },
    "vfile-message@4.0.3": {
      "integrity": "sha512-QTHzsGd1EhbZs4AsQ20JX1rC3cOlt/IWJruk893DfLRr57lcnOeMaWG4K0JrRta4mIJZKth2Au3mM3u03/JWKw==",
      "dependencies": [
        "@types/unist",
        "unist-util-stringify-position"
      ]
    },
    "vfile@6.0.3": {
      "integrity": "sha512-KzIbH/9tXat2u30jf+smMwFCsno4wHVdNmzFyL+T/L3UGqqk6JKfVqOFOZEpZSHADH1k40ab6NUIXZq422ov3Q==",
      "dependencies": [
        "@types/unist",
        "vfile-message"
      ]
    },
    "yaml@2.8.3": {
      "integrity": "sha512-AvbaCLOO2Otw/lW5bmh9d/WEdcDFdQp2Z2ZUH3pX9U2ihyUY0nvLv7J6TrWowklRGPYbB/IuIMfYgxaCPg5Bpg==",
      "bin": true
    },
    "zwitch@2.0.4": {
      "integrity": "sha512-bXE4cR/kVZhKZX/RjPEflHaKVhUVl85noU3v6b8apfQEc1x4A+zBxjZ4lN8LqGd6WZ3dl98pY4o717VFmoPp+A=="
    }
  },
  "workspace": {
    "dependencies": [
      "jsr:@std/assert@^1.0.19"
    ],
    "packageJson": {
      "dependencies": [
        "npm:@types/node@^25.6.0",
        "npm:bumpp@^11.0.1",
        "npm:mdast-util-from-markdown@^2.0.3",
        "npm:mdast-util-gfm-autolink-literal@^2.0.1",
        "npm:mdast-util-gfm-footnote@^2.1.0",
        "npm:mdast-util-gfm-strikethrough@2",
        "npm:mdast-util-gfm-table@2",
        "npm:mdast-util-gfm-task-list-item@2",
        "npm:mdast-util-to-markdown@^2.1.2",
        "npm:micromark-extension-gfm-autolink-literal@^2.1.0",
        "npm:micromark-extension-gfm-footnote@^2.1.0",
        "npm:micromark-extension-gfm-strikethrough@^2.1.0",
        "npm:micromark-extension-gfm-table@^2.1.1",
        "npm:micromark-extension-gfm-task-list-item@^2.1.0",
        "npm:micromark-util-types@^2.0.2",
        "npm:rehype-format@^5.0.1",
        "npm:rehype-stringify@^10.0.1",
        "npm:remark-gfm@^4.0.1",
        "npm:remark-parse@11",
        "npm:remark-rehype@^11.1.2",
        "npm:remark@^15.0.1",
        "npm:string-length@^7.0.1",
        "npm:to-vfile@8",
        "npm:ts-deepmerge@^7.0.3",
        "npm:tsdown@~0.21.8",
        "npm:type-fest@^5.5.0",
        "npm:typescript@^6.0.2",
        "npm:unified@^11.0.5",
        "npm:vfile@^6.0.3"
      ]
    }
  }
}
